# This file is automatically @generated by Wally.
# It is not intended for manual editing.
registry = "test"

[[package]]
name = "csqrl/sift"
version = "0.0.8"
dependencies = []

[[package]]
name = "flipbook-labs/flipbook-example"
version = "0.1.0"
dependencies = [["React", "jsdotlua/react@17.2.1"], ["ReactRoblox", "jsdotlua/react-roblox@17.2.1"], ["Roact", "roblox/roact@1.4.4"], ["Sift", "csqrl/sift@0.0.8"]]

[[package]]
name = "jsdotlua/boolean"
version = "1.2.7"
dependencies = [["number", "jsdotlua/number@1.2.7"]]

[[package]]
name = "jsdotlua/collections"
version = "1.2.7"
dependencies = [["es7-types", "jsdotlua/es7-types@1.2.7"], ["instance-of", "jsdotlua/instance-of@1.2.7"]]

[[package]]
name = "jsdotlua/console"
version = "1.2.7"
dependencies = [["collections", "jsdotlua/collections@1.2.7"]]

[[package]]
name = "jsdotlua/es7-types"
version = "1.2.7"
dependencies = []

[[package]]
name = "jsdotlua/instance-of"
version = "1.2.7"
dependencies = []

[[package]]
name = "jsdotlua/luau-polyfill"
version = "1.2.7"
dependencies = [["boolean", "jsdotlua/boolean@1.2.7"], ["collections", "jsdotlua/collections@1.2.7"], ["console", "jsdotlua/console@1.2.7"], ["es7-types", "jsdotlua/es7-types@1.2.7"], ["instance-of", "jsdotlua/instance-of@1.2.7"], ["math", "jsdotlua/math@1.2.7"], ["number", "jsdotlua/number@1.2.7"], ["string", "jsdotlua/string@1.2.7"], ["symbol-luau", "jsdotlua/symbol-luau@1.0.1"], ["timers", "jsdotlua/timers@1.2.7"]]

[[package]]
name = "jsdotlua/math"
version = "1.2.7"
dependencies = []

[[package]]
name = "jsdotlua/number"
version = "1.2.7"
dependencies = []

[[package]]
name = "jsdotlua/promise"
version = "3.5.2"
dependencies = []

[[package]]
name = "jsdotlua/react"
version = "17.2.1"
dependencies = [["luau-polyfill", "jsdotlua/luau-polyfill@1.2.7"], ["shared", "jsdotlua/shared@17.2.1"]]

[[package]]
name = "jsdotlua/react-reconciler"
version = "17.2.1"
dependencies = [["luau-polyfill", "jsdotlua/luau-polyfill@1.2.7"], ["promise", "jsdotlua/promise@3.5.2"], ["react", "jsdotlua/react@17.2.1"], ["scheduler", "jsdotlua/scheduler@17.2.1"], ["shared", "jsdotlua/shared@17.2.1"]]

[[package]]
name = "jsdotlua/react-roblox"
version = "17.2.1"
dependencies = [["luau-polyfill", "jsdotlua/luau-polyfill@1.2.7"], ["react", "jsdotlua/react@17.2.1"], ["react-reconciler", "jsdotlua/react-reconciler@17.2.1"], ["scheduler", "jsdotlua/scheduler@17.2.1"], ["shared", "jsdotlua/shared@17.2.1"]]

[[package]]
name = "jsdotlua/scheduler"
version = "17.2.1"
dependencies = [["luau-polyfill", "jsdotlua/luau-polyfill@1.2.7"], ["shared", "jsdotlua/shared@17.2.1"]]

[[package]]
name = "jsdotlua/shared"
version = "17.2.1"
dependencies = [["luau-polyfill", "jsdotlua/luau-polyfill@1.2.7"]]

[[package]]
name = "jsdotlua/string"
version = "1.2.7"
dependencies = [["es7-types", "jsdotlua/es7-types@1.2.7"], ["number", "jsdotlua/number@1.2.7"]]

[[package]]
name = "jsdotlua/symbol-luau"
version = "1.0.1"
dependencies = []

[[package]]
name = "jsdotlua/timers"
version = "1.2.7"
dependencies = [["collections", "jsdotlua/collections@1.2.7"]]

[[package]]
name = "roblox/roact"
version = "1.4.4"
dependencies = []
